// !$*UTF8*$!
{
	archiveVersion = 1;
	classes = {
	};
	objectVersion = 56;
	objects = {

/* Begin PBXBuildFile section */
		0260AD1E5A7EDA7AF5A83896 /* Pods_Uber_Clone.framework in Frameworks */ = {isa = PBXBuildFile; fileRef = 447E1474487648F6799A8041 /* Pods_Uber_Clone.framework */; };
		040AD9502BDC1542005765D2 /* LocationInputView.swift in Sources */ = {isa = PBXBuildFile; fileRef = 040AD94F2BDC1542005765D2 /* LocationInputView.swift */; };
		040AD9522BDD4B4A005765D2 /* LocationTableViewCell.swift in Sources */ = {isa = PBXBuildFile; fileRef = 040AD9512BDD4B4A005765D2 /* LocationTableViewCell.swift */; };
		0432A51A2C29C7CD000D46B1 /* PickupController.swift in Sources */ = {isa = PBXBuildFile; fileRef = 0432A5192C29C7CD000D46B1 /* PickupController.swift */; };
		0478AE2C2BC19E9C00CE6567 /* Assets.xcassets in Resources */ = {isa = PBXBuildFile; fileRef = 0478AE2B2BC19E9C00CE6567 /* Assets.xcassets */; };
		0478AE302BC4395100CE6567 /* SignUpViewController.swift in Sources */ = {isa = PBXBuildFile; fileRef = 0478AE2F2BC4395100CE6567 /* SignUpViewController.swift */; };
		0482899D2BCD9907006DC68E /* AuthButton.swift in Sources */ = {isa = PBXBuildFile; fileRef = 0482899C2BCD9907006DC68E /* AuthButton.swift */; };
		048289A12BD26C24006DC68E /* GoogleService-Info.plist in Resources */ = {isa = PBXBuildFile; fileRef = 048289A02BD26C24006DC68E /* GoogleService-Info.plist */; };
		048289A32BD2801D006DC68E /* HomeViewController.swift in Sources */ = {isa = PBXBuildFile; fileRef = 048289A22BD2801D006DC68E /* HomeViewController.swift */; };
		048289A52BD7DE17006DC68E /* LocationInputActivationView.swift in Sources */ = {isa = PBXBuildFile; fileRef = 048289A42BD7DE17006DC68E /* LocationInputActivationView.swift */; };
		04AD803B2C00E2D100DCD938 /* FileNames.swift in Sources */ = {isa = PBXBuildFile; fileRef = 04AD803A2C00E2D100DCD938 /* FileNames.swift */; };
		04B200032BBD35FC005F395C /* LoginViewController.swift in Sources */ = {isa = PBXBuildFile; fileRef = 04B200022BBD35FC005F395C /* LoginViewController.swift */; };
		04B200052BBD3E79005F395C /* Extension.swift in Sources */ = {isa = PBXBuildFile; fileRef = 04B200042BBD3E79005F395C /* Extension.swift */; };
		04B2FFE72BBD14C3005F395C /* AppDelegate.swift in Sources */ = {isa = PBXBuildFile; fileRef = 04B2FFE62BBD14C3005F395C /* AppDelegate.swift */; };
		04B2FFE92BBD14C3005F395C /* SceneDelegate.swift in Sources */ = {isa = PBXBuildFile; fileRef = 04B2FFE82BBD14C3005F395C /* SceneDelegate.swift */; };
		04B2FFEE2BBD14C3005F395C /* Main.storyboard in Resources */ = {isa = PBXBuildFile; fileRef = 04B2FFEC2BBD14C3005F395C /* Main.storyboard */; };
		04B2FFF12BBD14C3005F395C /* Uber_Clone.xcdatamodeld in Sources */ = {isa = PBXBuildFile; fileRef = 04B2FFEF2BBD14C3005F395C /* Uber_Clone.xcdatamodeld */; };
		04B2FFF62BBD14C8005F395C /* LaunchScreen.storyboard in Resources */ = {isa = PBXBuildFile; fileRef = 04B2FFF42BBD14C8005F395C /* LaunchScreen.storyboard */; };
		04BB3A352C17378B00E225DB /* RiderActionView.swift in Sources */ = {isa = PBXBuildFile; fileRef = 04BB3A342C17378B00E225DB /* RiderActionView.swift */; };
		04BB3A372C23BB1B00E225DB /* Trip.swift in Sources */ = {isa = PBXBuildFile; fileRef = 04BB3A362C23BB1B00E225DB /* Trip.swift */; };
		04BF63752BE3A3BB002C3A02 /* Service.swift in Sources */ = {isa = PBXBuildFile; fileRef = 04BF63742BE3A3BB002C3A02 /* Service.swift */; };
		04BF63772BE7E127002C3A02 /* User.swift in Sources */ = {isa = PBXBuildFile; fileRef = 04BF63762BE7E127002C3A02 /* User.swift */; };
		04BF63792BEBB3FE002C3A02 /* LocationHandler.swift in Sources */ = {isa = PBXBuildFile; fileRef = 04BF63782BEBB3FE002C3A02 /* LocationHandler.swift */; };
		04BF637B2BED2A70002C3A02 /* DriverAnnotation.swift in Sources */ = {isa = PBXBuildFile; fileRef = 04BF637A2BED2A70002C3A02 /* DriverAnnotation.swift */; };
/* End PBXBuildFile section */

/* Begin PBXFileReference section */
		040AD94F2BDC1542005765D2 /* LocationInputView.swift */ = {isa = PBXFileReference; lastKnownFileType = sourcecode.swift; path = LocationInputView.swift; sourceTree = "<group>"; };
		040AD9512BDD4B4A005765D2 /* LocationTableViewCell.swift */ = {isa = PBXFileReference; lastKnownFileType = sourcecode.swift; path = LocationTableViewCell.swift; sourceTree = "<group>"; };
		0432A5192C29C7CD000D46B1 /* PickupController.swift */ = {isa = PBXFileReference; lastKnownFileType = sourcecode.swift; path = PickupController.swift; sourceTree = "<group>"; };
		0478AE2B2BC19E9C00CE6567 /* Assets.xcassets */ = {isa = PBXFileReference; lastKnownFileType = folder.assetcatalog; path = Assets.xcassets; sourceTree = "<group>"; };
		0478AE2F2BC4395100CE6567 /* SignUpViewController.swift */ = {isa = PBXFileReference; lastKnownFileType = sourcecode.swift; path = SignUpViewController.swift; sourceTree = "<group>"; };
		0482899C2BCD9907006DC68E /* AuthButton.swift */ = {isa = PBXFileReference; lastKnownFileType = sourcecode.swift; path = AuthButton.swift; sourceTree = "<group>"; };
		048289A02BD26C24006DC68E /* GoogleService-Info.plist */ = {isa = PBXFileReference; fileEncoding = 4; lastKnownFileType = text.plist.xml; path = "GoogleService-Info.plist"; sourceTree = "<group>"; };
		048289A22BD2801D006DC68E /* HomeViewController.swift */ = {isa = PBXFileReference; lastKnownFileType = sourcecode.swift; path = HomeViewController.swift; sourceTree = "<group>"; };
		048289A42BD7DE17006DC68E /* LocationInputActivationView.swift */ = {isa = PBXFileReference; lastKnownFileType = sourcecode.swift; path = LocationInputActivationView.swift; sourceTree = "<group>"; };
		04AD803A2C00E2D100DCD938 /* FileNames.swift */ = {isa = PBXFileReference; lastKnownFileType = sourcecode.swift; path = FileNames.swift; sourceTree = "<group>"; };
		04B200022BBD35FC005F395C /* LoginViewController.swift */ = {isa = PBXFileReference; lastKnownFileType = sourcecode.swift; path = LoginViewController.swift; sourceTree = "<group>"; };
		04B200042BBD3E79005F395C /* Extension.swift */ = {isa = PBXFileReference; lastKnownFileType = sourcecode.swift; path = Extension.swift; sourceTree = "<group>"; };
		04B2FFE32BBD14C3005F395C /* Uber Clone.app */ = {isa = PBXFileReference; explicitFileType = wrapper.application; includeInIndex = 0; path = "Uber Clone.app"; sourceTree = BUILT_PRODUCTS_DIR; };
		04B2FFE62BBD14C3005F395C /* AppDelegate.swift */ = {isa = PBXFileReference; lastKnownFileType = sourcecode.swift; path = AppDelegate.swift; sourceTree = "<group>"; };
		04B2FFE82BBD14C3005F395C /* SceneDelegate.swift */ = {isa = PBXFileReference; lastKnownFileType = sourcecode.swift; path = SceneDelegate.swift; sourceTree = "<group>"; };
		04B2FFED2BBD14C3005F395C /* Base */ = {isa = PBXFileReference; lastKnownFileType = file.storyboard; name = Base; path = Base.lproj/Main.storyboard; sourceTree = "<group>"; };
		04B2FFF02BBD14C3005F395C /* Uber_Clone.xcdatamodel */ = {isa = PBXFileReference; lastKnownFileType = wrapper.xcdatamodel; path = Uber_Clone.xcdatamodel; sourceTree = "<group>"; };
		04B2FFF52BBD14C8005F395C /* Base */ = {isa = PBXFileReference; lastKnownFileType = file.storyboard; name = Base; path = Base.lproj/LaunchScreen.storyboard; sourceTree = "<group>"; };
		04B2FFF72BBD14C8005F395C /* Info.plist */ = {isa = PBXFileReference; lastKnownFileType = text.plist.xml; path = Info.plist; sourceTree = "<group>"; };
		04BB3A342C17378B00E225DB /* RiderActionView.swift */ = {isa = PBXFileReference; lastKnownFileType = sourcecode.swift; path = RiderActionView.swift; sourceTree = "<group>"; };
		04BB3A362C23BB1B00E225DB /* Trip.swift */ = {isa = PBXFileReference; lastKnownFileType = sourcecode.swift; path = Trip.swift; sourceTree = "<group>"; };
		04BF63742BE3A3BB002C3A02 /* Service.swift */ = {isa = PBXFileReference; lastKnownFileType = sourcecode.swift; path = Service.swift; sourceTree = "<group>"; };
		04BF63762BE7E127002C3A02 /* User.swift */ = {isa = PBXFileReference; lastKnownFileType = sourcecode.swift; path = User.swift; sourceTree = "<group>"; };
		04BF63782BEBB3FE002C3A02 /* LocationHandler.swift */ = {isa = PBXFileReference; lastKnownFileType = sourcecode.swift; path = LocationHandler.swift; sourceTree = "<group>"; };
		04BF637A2BED2A70002C3A02 /* DriverAnnotation.swift */ = {isa = PBXFileReference; lastKnownFileType = sourcecode.swift; path = DriverAnnotation.swift; sourceTree = "<group>"; };
		2ABD86A2233839060EC36DF9 /* Pods-Uber Clone.release.xcconfig */ = {isa = PBXFileReference; includeInIndex = 1; lastKnownFileType = text.xcconfig; name = "Pods-Uber Clone.release.xcconfig"; path = "Target Support Files/Pods-Uber Clone/Pods-Uber Clone.release.xcconfig"; sourceTree = "<group>"; };
		34EC7CFDB1BEDDE6AEB47031 /* Pods-Uber Clone.debug.xcconfig */ = {isa = PBXFileReference; includeInIndex = 1; lastKnownFileType = text.xcconfig; name = "Pods-Uber Clone.debug.xcconfig"; path = "Target Support Files/Pods-Uber Clone/Pods-Uber Clone.debug.xcconfig"; sourceTree = "<group>"; };
		447E1474487648F6799A8041 /* Pods_Uber_Clone.framework */ = {isa = PBXFileReference; explicitFileType = wrapper.framework; includeInIndex = 0; path = Pods_Uber_Clone.framework; sourceTree = BUILT_PRODUCTS_DIR; };
/* End PBXFileReference section */

/* Begin PBXFrameworksBuildPhase section */
		04B2FFE02BBD14C3005F395C /* Frameworks */ = {
			isa = PBXFrameworksBuildPhase;
			buildActionMask = 2147483647;
			files = (
				0260AD1E5A7EDA7AF5A83896 /* Pods_Uber_Clone.framework in Frameworks */,
			);
			runOnlyForDeploymentPostprocessing = 0;
		};
/* End PBXFrameworksBuildPhase section */

/* Begin PBXGroup section */
		04B200002BBD1F16005F395C /* Utils */ = {
			isa = PBXGroup;
			children = (
				04B200042BBD3E79005F395C /* Extension.swift */,
				04AD803A2C00E2D100DCD938 /* FileNames.swift */,
			);
			path = Utils;
			sourceTree = "<group>";
		};
		04B200012BBD34E2005F395C /* Services */ = {
			isa = PBXGroup;
			children = (
				04BF63742BE3A3BB002C3A02 /* Service.swift */,
				04BF63782BEBB3FE002C3A02 /* LocationHandler.swift */,
			);
			path = Services;
			sourceTree = "<group>";
		};
		04B2FFDA2BBD14C3005F395C = {
			isa = PBXGroup;
			children = (
				04B2FFE52BBD14C3005F395C /* Uber Clone */,
				04B2FFE42BBD14C3005F395C /* Products */,
				D57F832F191673F9E8B2FE48 /* Pods */,
				EFB19ACF668DA5AD4BDA4C39 /* Frameworks */,
			);
			sourceTree = "<group>";
		};
		04B2FFE42BBD14C3005F395C /* Products */ = {
			isa = PBXGroup;
			children = (
				04B2FFE32BBD14C3005F395C /* Uber Clone.app */,
			);
			name = Products;
			sourceTree = "<group>";
		};
		04B2FFE52BBD14C3005F395C /* Uber Clone */ = {
			isa = PBXGroup;
			children = (
				04B2FFE62BBD14C3005F395C /* AppDelegate.swift */,
				04B2FFE82BBD14C3005F395C /* SceneDelegate.swift */,
				04B2FFFD2BBD1EF9005F395C /* Models */,
				04B2FFFE2BBD1F04005F395C /* Views */,
				04B2FFFF2BBD1F0E005F395C /* Controllers */,
				04B200012BBD34E2005F395C /* Services */,
				04B200002BBD1F16005F395C /* Utils */,
				04B2FFF42BBD14C8005F395C /* LaunchScreen.storyboard */,
				0478AE2B2BC19E9C00CE6567 /* Assets.xcassets */,
				04B2FFF72BBD14C8005F395C /* Info.plist */,
				048289A02BD26C24006DC68E /* GoogleService-Info.plist */,
				04B2FFEF2BBD14C3005F395C /* Uber_Clone.xcdatamodeld */,
			);
			path = "Uber Clone";
			sourceTree = "<group>";
		};
		04B2FFFD2BBD1EF9005F395C /* Models */ = {
			isa = PBXGroup;
			children = (
				04BF63762BE7E127002C3A02 /* User.swift */,
				04BF637A2BED2A70002C3A02 /* DriverAnnotation.swift */,
				04BB3A362C23BB1B00E225DB /* Trip.swift */,
			);
			path = Models;
			sourceTree = "<group>";
		};
		04B2FFFE2BBD1F04005F395C /* Views */ = {
			isa = PBXGroup;
			children = (
				04B2FFEC2BBD14C3005F395C /* Main.storyboard */,
				0482899C2BCD9907006DC68E /* AuthButton.swift */,
				048289A42BD7DE17006DC68E /* LocationInputActivationView.swift */,
				040AD94F2BDC1542005765D2 /* LocationInputView.swift */,
				040AD9512BDD4B4A005765D2 /* LocationTableViewCell.swift */,
				04BB3A342C17378B00E225DB /* RiderActionView.swift */,
			);
			path = Views;
			sourceTree = "<group>";
		};
		04B2FFFF2BBD1F0E005F395C /* Controllers */ = {
			isa = PBXGroup;
			children = (
				04B200022BBD35FC005F395C /* LoginViewController.swift */,
				0478AE2F2BC4395100CE6567 /* SignUpViewController.swift */,
				048289A22BD2801D006DC68E /* HomeViewController.swift */,
				0432A5192C29C7CD000D46B1 /* PickupController.swift */,
			);
			path = Controllers;
			sourceTree = "<group>";
		};
		D57F832F191673F9E8B2FE48 /* Pods */ = {
			isa = PBXGroup;
			children = (
				34EC7CFDB1BEDDE6AEB47031 /* Pods-Uber Clone.debug.xcconfig */,
				2ABD86A2233839060EC36DF9 /* Pods-Uber Clone.release.xcconfig */,
			);
			path = Pods;
			sourceTree = "<group>";
		};
		EFB19ACF668DA5AD4BDA4C39 /* Frameworks */ = {
			isa = PBXGroup;
			children = (
				447E1474487648F6799A8041 /* Pods_Uber_Clone.framework */,
			);
			name = Frameworks;
			sourceTree = "<group>";
		};
/* End PBXGroup section */

/* Begin PBXNativeTarget section */
		04B2FFE22BBD14C3005F395C /* Uber Clone */ = {
			isa = PBXNativeTarget;
			buildConfigurationList = 04B2FFFA2BBD14C8005F395C /* Build configuration list for PBXNativeTarget "Uber Clone" */;
			buildPhases = (
				BD6D48F3F7A9917638FA9D69 /* [CP] Check Pods Manifest.lock */,
				04B2FFDF2BBD14C3005F395C /* Sources */,
				04B2FFE02BBD14C3005F395C /* Frameworks */,
				04B2FFE12BBD14C3005F395C /* Resources */,
				22D2A9850B4AC704F64F57BC /* [CP] Embed Pods Frameworks */,
			);
			buildRules = (
			);
			dependencies = (
			);
			name = "Uber Clone";
			productName = "Uber Clone";
			productReference = 04B2FFE32BBD14C3005F395C /* Uber Clone.app */;
			productType = "com.apple.product-type.application";
		};
/* End PBXNativeTarget section */

/* Begin PBXProject section */
		04B2FFDB2BBD14C3005F395C /* Project object */ = {
			isa = PBXProject;
			attributes = {
				BuildIndependentTargetsInParallel = 1;
				LastSwiftUpdateCheck = 1420;
				LastUpgradeCheck = 1420;
				TargetAttributes = {
					04B2FFE22BBD14C3005F395C = {
						CreatedOnToolsVersion = 14.2;
					};
				};
			};
			buildConfigurationList = 04B2FFDE2BBD14C3005F395C /* Build configuration list for PBXProject "Uber Clone" */;
			compatibilityVersion = "Xcode 14.0";
			developmentRegion = en;
			hasScannedForEncodings = 0;
			knownRegions = (
				en,
				Base,
			);
			mainGroup = 04B2FFDA2BBD14C3005F395C;
			productRefGroup = 04B2FFE42BBD14C3005F395C /* Products */;
			projectDirPath = "";
			projectRoot = "";
			targets = (
				04B2FFE22BBD14C3005F395C /* Uber Clone */,
			);
		};
/* End PBXProject section */

/* Begin PBXResourcesBuildPhase section */
		04B2FFE12BBD14C3005F395C /* Resources */ = {
			isa = PBXResourcesBuildPhase;
			buildActionMask = 2147483647;
			files = (
				04B2FFF62BBD14C8005F395C /* LaunchScreen.storyboard in Resources */,
				048289A12BD26C24006DC68E /* GoogleService-Info.plist in Resources */,
				0478AE2C2BC19E9C00CE6567 /* Assets.xcassets in Resources */,
				04B2FFEE2BBD14C3005F395C /* Main.storyboard in Resources */,
			);
			runOnlyForDeploymentPostprocessing = 0;
		};
/* End PBXResourcesBuildPhase section */

/* Begin PBXShellScriptBuildPhase section */
		22D2A9850B4AC704F64F57BC /* [CP] Embed Pods Frameworks */ = {
			isa = PBXShellScriptBuildPhase;
			buildActionMask = 2147483647;
			files = (
			);
			inputFileListPaths = (
				"${PODS_ROOT}/Target Support Files/Pods-Uber Clone/Pods-Uber Clone-frameworks-${CONFIGURATION}-input-files.xcfilelist",
			);
			name = "[CP] Embed Pods Frameworks";
			outputFileListPaths = (
				"${PODS_ROOT}/Target Support Files/Pods-Uber Clone/Pods-Uber Clone-frameworks-${CONFIGURATION}-output-files.xcfilelist",
			);
			runOnlyForDeploymentPostprocessing = 0;
			shellPath = /bin/sh;
			shellScript = "\"${PODS_ROOT}/Target Support Files/Pods-Uber Clone/Pods-Uber Clone-frameworks.sh\"\n";
			showEnvVarsInLog = 0;
		};
		BD6D48F3F7A9917638FA9D69 /* [CP] Check Pods Manifest.lock */ = {
			isa = PBXShellScriptBuildPhase;
			buildActionMask = 2147483647;
			files = (
			);
			inputFileListPaths = (
			);
			inputPaths = (
				"${PODS_PODFILE_DIR_PATH}/Podfile.lock",
				"${PODS_ROOT}/Manifest.lock",
			);
			name = "[CP] Check Pods Manifest.lock";
			outputFileListPaths = (
			);
			outputPaths = (
				"$(DERIVED_FILE_DIR)/Pods-Uber Clone-checkManifestLockResult.txt",
			);
			runOnlyForDeploymentPostprocessing = 0;
			shellPath = /bin/sh;
			shellScript = "diff \"${PODS_PODFILE_DIR_PATH}/Podfile.lock\" \"${PODS_ROOT}/Manifest.lock\" > /dev/null\nif [ $? != 0 ] ; then\n    # print error to STDERR\n    echo \"error: The sandbox is not in sync with the Podfile.lock. Run 'pod install' or update your CocoaPods installation.\" >&2\n    exit 1\nfi\n# This output is used by Xcode 'outputs' to avoid re-running this script phase.\necho \"SUCCESS\" > \"${SCRIPT_OUTPUT_FILE_0}\"\n";
			showEnvVarsInLog = 0;
		};
/* End PBXShellScriptBuildPhase section */

/* Begin PBXSourcesBuildPhase section */
		04B2FFDF2BBD14C3005F395C /* Sources */ = {
			isa = PBXSourcesBuildPhase;
			buildActionMask = 2147483647;
			files = (
				04BF63772BE7E127002C3A02 /* User.swift in Sources */,
				0478AE302BC4395100CE6567 /* SignUpViewController.swift in Sources */,
				0482899D2BCD9907006DC68E /* AuthButton.swift in Sources */,
				04B200052BBD3E79005F395C /* Extension.swift in Sources */,
				04BF637B2BED2A70002C3A02 /* DriverAnnotation.swift in Sources */,
				048289A32BD2801D006DC68E /* HomeViewController.swift in Sources */,
				04BF63792BEBB3FE002C3A02 /* LocationHandler.swift in Sources */,
				040AD9502BDC1542005765D2 /* LocationInputView.swift in Sources */,
				04BF63752BE3A3BB002C3A02 /* Service.swift in Sources */,
				04B200032BBD35FC005F395C /* LoginViewController.swift in Sources */,
				04B2FFF12BBD14C3005F395C /* Uber_Clone.xcdatamodeld in Sources */,
				04B2FFE72BBD14C3005F395C /* AppDelegate.swift in Sources */,
				04BB3A372C23BB1B00E225DB /* Trip.swift in Sources */,
				04BB3A352C17378B00E225DB /* RiderActionView.swift in Sources */,
				040AD9522BDD4B4A005765D2 /* LocationTableViewCell.swift in Sources */,
				0432A51A2C29C7CD000D46B1 /* PickupController.swift in Sources */,
				04B2FFE92BBD14C3005F395C /* SceneDelegate.swift in Sources */,
				04AD803B2C00E2D100DCD938 /* FileNames.swift in Sources */,
				048289A52BD7DE17006DC68E /* LocationInputActivationView.swift in Sources */,
			);
			runOnlyForDeploymentPostprocessing = 0;
		};
/* End PBXSourcesBuildPhase section */

/* Begin PBXVariantGroup section */
		04B2FFEC2BBD14C3005F395C /* Main.storyboard */ = {
			isa = PBXVariantGroup;
			children = (
				04B2FFED2BBD14C3005F395C /* Base */,
			);
			name = Main.storyboard;
			sourceTree = "<group>";
		};
		04B2FFF42BBD14C8005F395C /* LaunchScreen.storyboard */ = {
			isa = PBXVariantGroup;
			children = (
				04B2FFF52BBD14C8005F395C /* Base */,
			);
			name = LaunchScreen.storyboard;
			sourceTree = "<group>";
		};
/* End PBXVariantGroup section */

/* Begin XCBuildConfiguration section */
		04B2FFF82BBD14C8005F395C /* Debug */ = {
			isa = XCBuildConfiguration;
			buildSettings = {
				ALWAYS_SEARCH_USER_PATHS = NO;
				CLANG_ANALYZER_NONNULL = YES;
				CLANG_ANALYZER_NUMBER_OBJECT_CONVERSION = YES_AGGRESSIVE;
				CLANG_CXX_LANGUAGE_STANDARD = "gnu++20";
				CLANG_ENABLE_MODULES = YES;
				CLANG_ENABLE_OBJC_ARC = YES;
				CLANG_ENABLE_OBJC_WEAK = YES;
				CLANG_WARN_BLOCK_CAPTURE_AUTORELEASING = YES;
				CLANG_WARN_BOOL_CONVERSION = YES;
				CLANG_WARN_COMMA = YES;
				CLANG_WARN_CONSTANT_CONVERSION = YES;
				CLANG_WARN_DEPRECATED_OBJC_IMPLEMENTATIONS = YES;
				CLANG_WARN_DIRECT_OBJC_ISA_USAGE = YES_ERROR;
				CLANG_WARN_DOCUMENTATION_COMMENTS = YES;
				CLANG_WARN_EMPTY_BODY = YES;
				CLANG_WARN_ENUM_CONVERSION = YES;
				CLANG_WARN_INFINITE_RECURSION = YES;
				CLANG_WARN_INT_CONVERSION = YES;
				CLANG_WARN_NON_LITERAL_NULL_CONVERSION = YES;
				CLANG_WARN_OBJC_IMPLICIT_RETAIN_SELF = YES;
				CLANG_WARN_OBJC_LITERAL_CONVERSION = YES;
				CLANG_WARN_OBJC_ROOT_CLASS = YES_ERROR;
				CLANG_WARN_QUOTED_INCLUDE_IN_FRAMEWORK_HEADER = YES;
				CLANG_WARN_RANGE_LOOP_ANALYSIS = YES;
				CLANG_WARN_STRICT_PROTOTYPES = YES;
				CLANG_WARN_SUSPICIOUS_MOVE = YES;
				CLANG_WARN_UNGUARDED_AVAILABILITY = YES_AGGRESSIVE;
				CLANG_WARN_UNREACHABLE_CODE = YES;
				CLANG_WARN__DUPLICATE_METHOD_MATCH = YES;
				COPY_PHASE_STRIP = NO;
				DEBUG_INFORMATION_FORMAT = dwarf;
				ENABLE_STRICT_OBJC_MSGSEND = YES;
				ENABLE_TESTABILITY = YES;
				GCC_C_LANGUAGE_STANDARD = gnu11;
				GCC_DYNAMIC_NO_PIC = NO;
				GCC_NO_COMMON_BLOCKS = YES;
				GCC_OPTIMIZATION_LEVEL = 0;
				GCC_PREPROCESSOR_DEFINITIONS = (
					"DEBUG=1",
					"$(inherited)",
				);
				GCC_WARN_64_TO_32_BIT_CONVERSION = YES;
				GCC_WARN_ABOUT_RETURN_TYPE = YES_ERROR;
				GCC_WARN_UNDECLARED_SELECTOR = YES;
				GCC_WARN_UNINITIALIZED_AUTOS = YES_AGGRESSIVE;
				GCC_WARN_UNUSED_FUNCTION = YES;
				GCC_WARN_UNUSED_VARIABLE = YES;
				IPHONEOS_DEPLOYMENT_TARGET = 16.2;
				MTL_ENABLE_DEBUG_INFO = INCLUDE_SOURCE;
				MTL_FAST_MATH = YES;
				ONLY_ACTIVE_ARCH = YES;
				SDKROOT = iphoneos;
				SWIFT_ACTIVE_COMPILATION_CONDITIONS = DEBUG;
				SWIFT_OPTIMIZATION_LEVEL = "-Onone";
			};
			name = Debug;
		};
		04B2FFF92BBD14C8005F395C /* Release */ = {
			isa = XCBuildConfiguration;
			buildSettings = {
				ALWAYS_SEARCH_USER_PATHS = NO;
				CLANG_ANALYZER_NONNULL = YES;
				CLANG_ANALYZER_NUMBER_OBJECT_CONVERSION = YES_AGGRESSIVE;
				CLANG_CXX_LANGUAGE_STANDARD = "gnu++20";
				CLANG_ENABLE_MODULES = YES;
				CLANG_ENABLE_OBJC_ARC = YES;
				CLANG_ENABLE_OBJC_WEAK = YES;
				CLANG_WARN_BLOCK_CAPTURE_AUTORELEASING = YES;
				CLANG_WARN_BOOL_CONVERSION = YES;
				CLANG_WARN_COMMA = YES;
				CLANG_WARN_CONSTANT_CONVERSION = YES;
				CLANG_WARN_DEPRECATED_OBJC_IMPLEMENTATIONS = YES;
				CLANG_WARN_DIRECT_OBJC_ISA_USAGE = YES_ERROR;
				CLANG_WARN_DOCUMENTATION_COMMENTS = YES;
				CLANG_WARN_EMPTY_BODY = YES;
				CLANG_WARN_ENUM_CONVERSION = YES;
				CLANG_WARN_INFINITE_RECURSION = YES;
				CLANG_WARN_INT_CONVERSION = YES;
				CLANG_WARN_NON_LITERAL_NULL_CONVERSION = YES;
				CLANG_WARN_OBJC_IMPLICIT_RETAIN_SELF = YES;
				CLANG_WARN_OBJC_LITERAL_CONVERSION = YES;
				CLANG_WARN_OBJC_ROOT_CLASS = YES_ERROR;
				CLANG_WARN_QUOTED_INCLUDE_IN_FRAMEWORK_HEADER = YES;
				CLANG_WARN_RANGE_LOOP_ANALYSIS = YES;
				CLANG_WARN_STRICT_PROTOTYPES = YES;
				CLANG_WARN_SUSPICIOUS_MOVE = YES;
				CLANG_WARN_UNGUARDED_AVAILABILITY = YES_AGGRESSIVE;
				CLANG_WARN_UNREACHABLE_CODE = YES;
				CLANG_WARN__DUPLICATE_METHOD_MATCH = YES;
				COPY_PHASE_STRIP = NO;
				DEBUG_INFORMATION_FORMAT = "dwarf-with-dsym";
				ENABLE_NS_ASSERTIONS = NO;
				ENABLE_STRICT_OBJC_MSGSEND = YES;
				GCC_C_LANGUAGE_STANDARD = gnu11;
				GCC_NO_COMMON_BLOCKS = YES;
				GCC_WARN_64_TO_32_BIT_CONVERSION = YES;
				GCC_WARN_ABOUT_RETURN_TYPE = YES_ERROR;
				GCC_WARN_UNDECLARED_SELECTOR = YES;
				GCC_WARN_UNINITIALIZED_AUTOS = YES_AGGRESSIVE;
				GCC_WARN_UNUSED_FUNCTION = YES;
				GCC_WARN_UNUSED_VARIABLE = YES;
				IPHONEOS_DEPLOYMENT_TARGET = 16.2;
				MTL_ENABLE_DEBUG_INFO = NO;
				MTL_FAST_MATH = YES;
				SDKROOT = iphoneos;
				SWIFT_COMPILATION_MODE = wholemodule;
				SWIFT_OPTIMIZATION_LEVEL = "-O";
				VALIDATE_PRODUCT = YES;
			};
			name = Release;
		};
		04B2FFFB2BBD14C8005F395C /* Debug */ = {
			isa = XCBuildConfiguration;
			baseConfigurationReference = 34EC7CFDB1BEDDE6AEB47031 /* Pods-Uber Clone.debug.xcconfig */;
			buildSettings = {
				ASSETCATALOG_COMPILER_APPICON_NAME = AppIcon;
				ASSETCATALOG_COMPILER_GLOBAL_ACCENT_COLOR_NAME = AccentColor;
				CODE_SIGN_STYLE = Automatic;
				CURRENT_PROJECT_VERSION = 1;
				DEVELOPMENT_TEAM = 35W59PZCCH;
				GENERATE_INFOPLIST_FILE = YES;
				INFOPLIST_FILE = "Uber Clone/Info.plist";
				INFOPLIST_KEY_CFBundleDisplayName = Uber;
				INFOPLIST_KEY_UIApplicationSupportsIndirectInputEvents = YES;
				INFOPLIST_KEY_UILaunchStoryboardName = LaunchScreen;
				INFOPLIST_KEY_UIMainStoryboardFile = Main;
				INFOPLIST_KEY_UISupportedInterfaceOrientations_iPad = "UIInterfaceOrientationPortrait UIInterfaceOrientationPortraitUpsideDown UIInterfaceOrientationLandscapeLeft UIInterfaceOrientationLandscapeRight";
				INFOPLIST_KEY_UISupportedInterfaceOrientations_iPhone = "UIInterfaceOrientationPortrait UIInterfaceOrientationLandscapeLeft UIInterfaceOrientationLandscapeRight";
				LD_RUNPATH_SEARCH_PATHS = (
					"$(inherited)",
					"@executable_path/Frameworks",
				);
				MARKETING_VERSION = 1.0;
				PRODUCT_BUNDLE_IDENTIFIER = "co.smh.Uber-Clone";
				PRODUCT_NAME = "$(TARGET_NAME)";
				SWIFT_EMIT_LOC_STRINGS = YES;
				SWIFT_VERSION = 5.0;
				TARGETED_DEVICE_FAMILY = "1,2";
			};
			name = Debug;
		};
		04B2FFFC2BBD14C8005F395C /* Release */ = {
			isa = XCBuildConfiguration;
			baseConfigurationReference = 2ABD86A2233839060EC36DF9 /* Pods-Uber Clone.release.xcconfig */;
			buildSettings = {
				ASSETCATALOG_COMPILER_APPICON_NAME = AppIcon;
				ASSETCATALOG_COMPILER_GLOBAL_ACCENT_COLOR_NAME = AccentColor;
				CODE_SIGN_STYLE = Automatic;
				CURRENT_PROJECT_VERSION = 1;
				DEVELOPMENT_TEAM = 35W59PZCCH;
				GENERATE_INFOPLIST_FILE = YES;
				INFOPLIST_FILE = "Uber Clone/Info.plist";
				INFOPLIST_KEY_CFBundleDisplayName = Uber;
				INFOPLIST_KEY_UIApplicationSupportsIndirectInputEvents = YES;
				INFOPLIST_KEY_UILaunchStoryboardName = LaunchScreen;
				INFOPLIST_KEY_UIMainStoryboardFile = Main;
				INFOPLIST_KEY_UISupportedInterfaceOrientations_iPad = "UIInterfaceOrientationPortrait UIInterfaceOrientationPortraitUpsideDown UIInterfaceOrientationLandscapeLeft UIInterfaceOrientationLandscapeRight";
				INFOPLIST_KEY_UISupportedInterfaceOrientations_iPhone = "UIInterfaceOrientationPortrait UIInterfaceOrientationLandscapeLeft UIInterfaceOrientationLandscapeRight";
				LD_RUNPATH_SEARCH_PATHS = (
					"$(inherited)",
					"@executable_path/Frameworks",
				);
				MARKETING_VERSION = 1.0;
				PRODUCT_BUNDLE_IDENTIFIER = "co.smh.Uber-Clone";
				PRODUCT_NAME = "$(TARGET_NAME)";
				SWIFT_EMIT_LOC_STRINGS = YES;
				SWIFT_VERSION = 5.0;
				TARGETED_DEVICE_FAMILY = "1,2";
			};
			name = Release;
		};
/* End XCBuildConfiguration section */

/* Begin XCConfigurationList section */
		04B2FFDE2BBD14C3005F395C /* Build configuration list for PBXProject "Uber Clone" */ = {
			isa = XCConfigurationList;
			buildConfigurations = (
				04B2FFF82BBD14C8005F395C /* Debug */,
				04B2FFF92BBD14C8005F395C /* Release */,
			);
			defaultConfigurationIsVisible = 0;
			defaultConfigurationName = Release;
		};
		04B2FFFA2BBD14C8005F395C /* Build configuration list for PBXNativeTarget "Uber Clone" */ = {
			isa = XCConfigurationList;
			buildConfigurations = (
				04B2FFFB2BBD14C8005F395C /* Debug */,
				04B2FFFC2BBD14C8005F395C /* Release */,
			);
			defaultConfigurationIsVisible = 0;
			defaultConfigurationName = Release;
		};
/* End XCConfigurationList section */

/* Begin XCVersionGroup section */
		04B2FFEF2BBD14C3005F395C /* Uber_Clone.xcdatamodeld */ = {
			isa = XCVersionGroup;
			children = (
				04B2FFF02BBD14C3005F395C /* Uber_Clone.xcdatamodel */,
			);
			currentVersion = 04B2FFF02BBD14C3005F395C /* Uber_Clone.xcdatamodel */;
			path = Uber_Clone.xcdatamodeld;
			sourceTree = "<group>";
			versionGroupType = wrapper.xcdatamodel;
		};
/* End XCVersionGroup section */
	};
	rootObject = 04B2FFDB2BBD14C3005F395C /* Project object */;
}
